
Microsoft Visual Studio Solution File, Format Version 12.00
# Visual Studio 14
VisualStudioVersion = 14.0.25123.0
MinimumVisualStudioVersion = 10.0.40219.1
Project("{FAE04EC0-301F-11D3-BF4B-00C04F79EFBC}") = "WebApplication1", "WebApplication1\WebApplication1.csproj", "{81E520BB-C980-48F6-B5C7-A6DCAC0503BA}"
EndProject
Project("{FAE04EC0-301F-11D3-BF4B-00C04F79EFBC}") = "BS", "BS\BS.csproj", "{88D8C147-3FBA-4D15-A498-B33193E55694}"
EndProject
Project("{FAE04EC0-301F-11D3-BF4B-00C04F79EFBC}") = "DS", "DS\DS.csproj", "{F35D0865-E782-4F4A-AA82-AC4FA713952C}"
EndProject
Project("{FAE04EC0-301F-11D3-BF4B-00C04F79EFBC}") = "Negocio", "Negocio\Negocio.csproj", "{A2BFBCEA-AAF7-4D09-9F75-C4EB6FA7D355}"
EndProject
Project("{FAE04EC0-301F-11D3-BF4B-00C04F79EFBC}") = "Negocio.UnitTests", "Negocio.UnitTests\Negocio.UnitTests\Negocio.UnitTests.csproj", "{EB73A5F7-6FE7-4A83-B23B-7B4DB8174498}"
	ProjectSection(ProjectDependencies) = postProject
		{A2BFBCEA-AAF7-4D09-9F75-C4EB6FA7D355} = {A2BFBCEA-AAF7-4D09-9F75-C4EB6FA7D355}
	EndProjectSection
EndProject
Project("{2150E333-8FDC-42A3-9474-1A3956D46DE8}") = "1 Sitio web", "1 Sitio web", "{6537F447-58C4-4E22-A72E-7CFB0CD09ABC}"
EndProject
Project("{2150E333-8FDC-42A3-9474-1A3956D46DE8}") = "3 Acceso a datos", "3 Acceso a datos", "{914CB305-0885-451F-B713-D08B6510BCBA}"
EndProject
Project("{2150E333-8FDC-42A3-9474-1A3956D46DE8}") = "2 Servicios", "2 Servicios", "{BCEE47F3-BCF0-4AA9-AF3E-E3132D263622}"
EndProject
Project("{2150E333-8FDC-42A3-9474-1A3956D46DE8}") = "Negocio", "Negocio", "{AF9376AB-4872-499C-BF72-8AE51E860F3F}"
EndProject
Project("{FAE04EC0-301F-11D3-BF4B-00C04F79EFBC}") = "WebApplication1.UnitTests", "WebApplication1.UnitTests\WebApplication1.UnitTests\WebApplication1.UnitTests.csproj", "{AC1CA62B-40A6-467D-A8F4-FB83D190FDA7}"
EndProject
Project("{FAE04EC0-301F-11D3-BF4B-00C04F79EFBC}") = "BS.UnitTests", "BS.UnitTests\BS.UnitTests.csproj", "{AA1DA601-859B-42B0-A547-8CF456066CDC}"
EndProject
Global
	GlobalSection(SolutionConfigurationPlatforms) = preSolution
		Debug|Any CPU = Debug|Any CPU
		Release|Any CPU = Release|Any CPU
	EndGlobalSection
	GlobalSection(ProjectConfigurationPlatforms) = postSolution
		{81E520BB-C980-48F6-B5C7-A6DCAC0503BA}.Debug|Any CPU.ActiveCfg = Debug|Any CPU
		{81E520BB-C980-48F6-B5C7-A6DCAC0503BA}.Debug|Any CPU.Build.0 = Debug|Any CPU
		{81E520BB-C980-48F6-B5C7-A6DCAC0503BA}.Release|Any CPU.ActiveCfg = Release|Any CPU
		{81E520BB-C980-48F6-B5C7-A6DCAC0503BA}.Release|Any CPU.Build.0 = Release|Any CPU
		{88D8C147-3FBA-4D15-A498-B33193E55694}.Debug|Any CPU.ActiveCfg = Debug|Any CPU
		{88D8C147-3FBA-4D15-A498-B33193E55694}.Debug|Any CPU.Build.0 = Debug|Any CPU
		{88D8C147-3FBA-4D15-A498-B33193E55694}.Release|Any CPU.ActiveCfg = Release|Any CPU
		{88D8C147-3FBA-4D15-A498-B33193E55694}.Release|Any CPU.Build.0 = Release|Any CPU
		{F35D0865-E782-4F4A-AA82-AC4FA713952C}.Debug|Any CPU.ActiveCfg = Debug|Any CPU
		{F35D0865-E782-4F4A-AA82-AC4FA713952C}.Debug|Any CPU.Build.0 = Debug|Any CPU
		{F35D0865-E782-4F4A-AA82-AC4FA713952C}.Release|Any CPU.ActiveCfg = Release|Any CPU
		{F35D0865-E782-4F4A-AA82-AC4FA713952C}.Release|Any CPU.Build.0 = Release|Any CPU
		{A2BFBCEA-AAF7-4D09-9F75-C4EB6FA7D355}.Debug|Any CPU.ActiveCfg = Debug|Any CPU
		{A2BFBCEA-AAF7-4D09-9F75-C4EB6FA7D355}.Debug|Any CPU.Build.0 = Debug|Any CPU
		{A2BFBCEA-AAF7-4D09-9F75-C4EB6FA7D355}.Release|Any CPU.ActiveCfg = Release|Any CPU
		{A2BFBCEA-AAF7-4D09-9F75-C4EB6FA7D355}.Release|Any CPU.Build.0 = Release|Any CPU
		{EB73A5F7-6FE7-4A83-B23B-7B4DB8174498}.Debug|Any CPU.ActiveCfg = Debug|Any CPU
		{EB73A5F7-6FE7-4A83-B23B-7B4DB8174498}.Debug|Any CPU.Build.0 = Debug|Any CPU
		{EB73A5F7-6FE7-4A83-B23B-7B4DB8174498}.Release|Any CPU.ActiveCfg = Release|Any CPU
		{EB73A5F7-6FE7-4A83-B23B-7B4DB8174498}.Release|Any CPU.Build.0 = Release|Any CPU
		{AC1CA62B-40A6-467D-A8F4-FB83D190FDA7}.Debug|Any CPU.ActiveCfg = Debug|Any CPU
		{AC1CA62B-40A6-467D-A8F4-FB83D190FDA7}.Debug|Any CPU.Build.0 = Debug|Any CPU
		{AC1CA62B-40A6-467D-A8F4-FB83D190FDA7}.Release|Any CPU.ActiveCfg = Release|Any CPU
		{AC1CA62B-40A6-467D-A8F4-FB83D190FDA7}.Release|Any CPU.Build.0 = Release|Any CPU
		{AA1DA601-859B-42B0-A547-8CF456066CDC}.Debug|Any CPU.ActiveCfg = Debug|Any CPU
		{AA1DA601-859B-42B0-A547-8CF456066CDC}.Debug|Any CPU.Build.0 = Debug|Any CPU
		{AA1DA601-859B-42B0-A547-8CF456066CDC}.Release|Any CPU.ActiveCfg = Release|Any CPU
		{AA1DA601-859B-42B0-A547-8CF456066CDC}.Release|Any CPU.Build.0 = Release|Any CPU
	EndGlobalSection
	GlobalSection(SolutionProperties) = preSolution
		HideSolutionNode = FALSE
	EndGlobalSection
	GlobalSection(NestedProjects) = preSolution
		{81E520BB-C980-48F6-B5C7-A6DCAC0503BA} = {6537F447-58C4-4E22-A72E-7CFB0CD09ABC}
		{88D8C147-3FBA-4D15-A498-B33193E55694} = {BCEE47F3-BCF0-4AA9-AF3E-E3132D263622}
		{F35D0865-E782-4F4A-AA82-AC4FA713952C} = {914CB305-0885-451F-B713-D08B6510BCBA}
		{A2BFBCEA-AAF7-4D09-9F75-C4EB6FA7D355} = {AF9376AB-4872-499C-BF72-8AE51E860F3F}
		{EB73A5F7-6FE7-4A83-B23B-7B4DB8174498} = {AF9376AB-4872-499C-BF72-8AE51E860F3F}
		{AC1CA62B-40A6-467D-A8F4-FB83D190FDA7} = {6537F447-58C4-4E22-A72E-7CFB0CD09ABC}
		{AA1DA601-859B-42B0-A547-8CF456066CDC} = {BCEE47F3-BCF0-4AA9-AF3E-E3132D263622}
	EndGlobalSection
EndGlobal
